// !$*UTF8*$!
{
	archiveVersion = 1;
	classes = {
	};
	objectVersion = 46;
	objects = {

/* Begin PBXBuildFile section */
		251C7C6B1C0EDEE30084F84A /* AppDelegate.swift in Sources */ = {isa = PBXBuildFile; fileRef = 251C7C6A1C0EDEE30084F84A /* AppDelegate.swift */; };
		251C7C6D1C0EDEE30084F84A /* ViewController.swift in Sources */ = {isa = PBXBuildFile; fileRef = 251C7C6C1C0EDEE30084F84A /* ViewController.swift */; };
		251C7C701C0EDEE30084F84A /* Main.storyboard in Resources */ = {isa = PBXBuildFile; fileRef = 251C7C6E1C0EDEE30084F84A /* Main.storyboard */; };
		251C7C721C0EDEE30084F84A /* Assets.xcassets in Resources */ = {isa = PBXBuildFile; fileRef = 251C7C711C0EDEE30084F84A /* Assets.xcassets */; };
		251C7C751C0EDEE30084F84A /* LaunchScreen.storyboard in Resources */ = {isa = PBXBuildFile; fileRef = 251C7C731C0EDEE30084F84A /* LaunchScreen.storyboard */; };
		251C7C7F1C0EE0940084F84A /* RxBlocking.framework in Frameworks */ = {isa = PBXBuildFile; fileRef = 251C7C7C1C0EE0940084F84A /* RxBlocking.framework */; };
		251C7C801C0EE0940084F84A /* RxBlocking.framework in Embed Frameworks */ = {isa = PBXBuildFile; fileRef = 251C7C7C1C0EE0940084F84A /* RxBlocking.framework */; settings = {ATTRIBUTES = (CodeSignOnCopy, RemoveHeadersOnCopy, ); }; };
		251C7C811C0EE0940084F84A /* RxCocoa.framework in Frameworks */ = {isa = PBXBuildFile; fileRef = 251C7C7D1C0EE0940084F84A /* RxCocoa.framework */; };
		251C7C821C0EE0940084F84A /* RxCocoa.framework in Embed Frameworks */ = {isa = PBXBuildFile; fileRef = 251C7C7D1C0EE0940084F84A /* RxCocoa.framework */; settings = {ATTRIBUTES = (CodeSignOnCopy, RemoveHeadersOnCopy, ); }; };
		251C7C831C0EE0940084F84A /* RxSwift.framework in Frameworks */ = {isa = PBXBuildFile; fileRef = 251C7C7E1C0EE0940084F84A /* RxSwift.framework */; };
		251C7C841C0EE0940084F84A /* RxSwift.framework in Embed Frameworks */ = {isa = PBXBuildFile; fileRef = 251C7C7E1C0EE0940084F84A /* RxSwift.framework */; settings = {ATTRIBUTES = (CodeSignOnCopy, RemoveHeadersOnCopy, ); }; };
/* End PBXBuildFile section */

/* Begin PBXCopyFilesBuildPhase section */
		251C7C851C0EE0950084F84A /* Embed Frameworks */ = {
			isa = PBXCopyFilesBuildPhase;
			buildActionMask = 2147483647;
			dstPath = "";
			dstSubfolderSpec = 10;
			files = (
				251C7C821C0EE0940084F84A /* RxCocoa.framework in Embed Frameworks */,
				251C7C801C0EE0940084F84A /* RxBlocking.framework in Embed Frameworks */,
				251C7C841C0EE0940084F84A /* RxSwift.framework in Embed Frameworks */,
			);
			name = "Embed Frameworks";
			runOnlyForDeploymentPostprocessing = 0;
		};
/* End PBXCopyFilesBuildPhase section */

/* Begin PBXFileReference section */
		251C7C671C0EDEE30084F84A /* ChangeBackground.app */ = {isa = PBXFileReference; explicitFileType = wrapper.application; includeInIndex = 0; path = ChangeBackground.app; sourceTree = BUILT_PRODUCTS_DIR; };
		251C7C6A1C0EDEE30084F84A /* AppDelegate.swift */ = {isa = PBXFileReference; lastKnownFileType = sourcecode.swift; path = AppDelegate.swift; sourceTree = "<group>"; };
		251C7C6C1C0EDEE30084F84A /* ViewController.swift */ = {isa = PBXFileReference; lastKnownFileType = sourcecode.swift; path = ViewController.swift; sourceTree = "<group>"; };
		251C7C6F1C0EDEE30084F84A /* Base */ = {isa = PBXFileReference; lastKnownFileType = file.storyboard; name = Base; path = Base.lproj/Main.storyboard; sourceTree = "<group>"; };
		251C7C711C0EDEE30084F84A /* Assets.xcassets */ = {isa = PBXFileReference; lastKnownFileType = folder.assetcatalog; path = Assets.xcassets; sourceTree = "<group>"; };
		251C7C741C0EDEE30084F84A /* Base */ = {isa = PBXFileReference; lastKnownFileType = file.storyboard; name = Base; path = Base.lproj/LaunchScreen.storyboard; sourceTree = "<group>"; };
		251C7C761C0EDEE30084F84A /* Info.plist */ = {isa = PBXFileReference; lastKnownFileType = text.plist.xml; path = Info.plist; sourceTree = "<group>"; };
		251C7C7C1C0EE0940084F84A /* RxBlocking.framework */ = {isa = PBXFileReference; lastKnownFileType = wrapper.framework; name = RxBlocking.framework; path = Carthage/Build/iOS/RxBlocking.framework; sourceTree = "<group>"; };
		251C7C7D1C0EE0940084F84A /* RxCocoa.framework */ = {isa = PBXFileReference; lastKnownFileType = wrapper.framework; name = RxCocoa.framework; path = Carthage/Build/iOS/RxCocoa.framework; sourceTree = "<group>"; };
		251C7C7E1C0EE0940084F84A /* RxSwift.framework */ = {isa = PBXFileReference; lastKnownFileType = wrapper.framework; name = RxSwift.framework; path = Carthage/Build/iOS/RxSwift.framework; sourceTree = "<group>"; };
/* End PBXFileReference section */

/* Begin PBXFrameworksBuildPhase section */
		251C7C641C0EDEE30084F84A /* Frameworks */ = {
			isa = PBXFrameworksBuildPhase;
			buildActionMask = 2147483647;
			files = (
				251C7C811C0EE0940084F84A /* RxCocoa.framework in Frameworks */,
				251C7C7F1C0EE0940084F84A /* RxBlocking.framework in Frameworks */,
				251C7C831C0EE0940084F84A /* RxSwift.framework in Frameworks */,
			);
			runOnlyForDeploymentPostprocessing = 0;
		};
/* End PBXFrameworksBuildPhase section */

/* Begin PBXGroup section */
		251C7C5E1C0EDEE30084F84A = {
			isa = PBXGroup;
			children = (
				251C7C691C0EDEE30084F84A /* ChangeBackground */,
				251C7C681C0EDEE30084F84A /* Products */,
			);
			sourceTree = "<group>";
		};
		251C7C681C0EDEE30084F84A /* Products */ = {
			isa = PBXGroup;
			children = (
				251C7C671C0EDEE30084F84A /* ChangeBackground.app */,
			);
			name = Products;
			sourceTree = "<group>";
		};
		251C7C691C0EDEE30084F84A /* ChangeBackground */ = {
			isa = PBXGroup;
			children = (
				251C7C6A1C0EDEE30084F84A /* AppDelegate.swift */,
				251C7C6C1C0EDEE30084F84A /* ViewController.swift */,
				251C7C6E1C0EDEE30084F84A /* Main.storyboard */,
				251C7C711C0EDEE30084F84A /* Assets.xcassets */,
				251C7C731C0EDEE30084F84A /* LaunchScreen.storyboard */,
				251C7C761C0EDEE30084F84A /* Info.plist */,
				251C7C861C0EE09B0084F84A /* Carthage Frameworks */,
			);
			path = ChangeBackground;
			sourceTree = "<group>";
		};
		251C7C861C0EE09B0084F84A /* Carthage Frameworks */ = {
			isa = PBXGroup;
			children = (
				251C7C7C1C0EE0940084F84A /* RxBlocking.framework */,
				251C7C7D1C0EE0940084F84A /* RxCocoa.framework */,
				251C7C7E1C0EE0940084F84A /* RxSwift.framework */,
			);
			name = "Carthage Frameworks";
			path = ..;
			sourceTree = "<group>";
		};
/* End PBXGroup section */

/* Begin PBXNativeTarget section */
		251C7C661C0EDEE30084F84A /* ChangeBackground */ = {
			isa = PBXNativeTarget;
			buildConfigurationList = 251C7C791C0EDEE30084F84A /* Build configuration list for PBXNativeTarget "ChangeBackground" */;
			buildPhases = (
				251C7C631C0EDEE30084F84A /* Sources */,
				251C7C641C0EDEE30084F84A /* Frameworks */,
				251C7C651C0EDEE30084F84A /* Resources */,
				251C7C851C0EE0950084F84A /* Embed Frameworks */,
			);
			buildRules = (
			);
			dependencies = (
			);
			name = ChangeBackground;
			productName = ChangeBackground;
			productReference = 251C7C671C0EDEE30084F84A /* ChangeBackground.app */;
			productType = "com.apple.product-type.application";
		};
/* End PBXNativeTarget section */

/* Begin PBXProject section */
		251C7C5F1C0EDEE30084F84A /* Project object */ = {
			isa = PBXProject;
			attributes = {
				LastSwiftUpdateCheck = 0710;
				LastUpgradeCheck = 0710;
				ORGANIZATIONNAME = "朱文杰";
				TargetAttributes = {
					251C7C661C0EDEE30084F84A = {
						CreatedOnToolsVersion = 7.1.1;
					};
				};
			};
			buildConfigurationList = 251C7C621C0EDEE30084F84A /* Build configuration list for PBXProject "ChangeBackground" */;
			compatibilityVersion = "Xcode 3.2";
			developmentRegion = English;
			hasScannedForEncodings = 0;
			knownRegions = (
				en,
				Base,
			);
			mainGroup = 251C7C5E1C0EDEE30084F84A;
			productRefGroup = 251C7C681C0EDEE30084F84A /* Products */;
			projectDirPath = "";
			projectRoot = "";
			targets = (
				251C7C661C0EDEE30084F84A /* ChangeBackground */,
			);
		};
/* End PBXProject section */

/* Begin PBXResourcesBuildPhase section */
		251C7C651C0EDEE30084F84A /* Resources */ = {
			isa = PBXResourcesBuildPhase;
			buildActionMask = 2147483647;
			files = (
				251C7C751C0EDEE30084F84A /* LaunchScreen.storyboard in Resources */,
				251C7C721C0EDEE30084F84A /* Assets.xcassets in Resources */,
				251C7C701C0EDEE30084F84A /* Main.storyboard in Resources */,
			);
			runOnlyForDeploymentPostprocessing = 0;
		};
/* End PBXResourcesBuildPhase section */

/* Begin PBXSourcesBuildPhase section */
		251C7C631C0EDEE30084F84A /* Sources */ = {
			isa = PBXSourcesBuildPhase;
			buildActionMask = 2147483647;
			files = (
				251C7C6D1C0EDEE30084F84A /* ViewController.swift in Sources */,
				251C7C6B1C0EDEE30084F84A /* AppDelegate.swift in Sources */,
			);
			runOnlyForDeploymentPostprocessing = 0;
		};
/* End PBXSourcesBuildPhase section */

/* Begin PBXVariantGroup section */
		251C7C6E1C0EDEE30084F84A /* Main.storyboard */ = {
			isa = PBXVariantGroup;
			children = (
				251C7C6F1C0EDEE30084F84A /* Base */,
			);
			name = Main.storyboard;
			sourceTree = "<group>";
		};
		251C7C731C0EDEE30084F84A /* LaunchScreen.storyboard */ = {
			isa = PBXVariantGroup;
			children = (
				251C7C741C0EDEE30084F84A /* Base */,
			);
			name = LaunchScreen.storyboard;
			sourceTree = "<group>";
		};
/* End PBXVariantGroup section */

/* Begin XCBuildConfiguration section */
		251C7C771C0EDEE30084F84A /* Debug */ = {
			isa = XCBuildConfiguration;
			buildSettings = {
				ALWAYS_SEARCH_USER_PATHS = NO;
				CLANG_CXX_LANGUAGE_STANDARD = "gnu++0x";
				CLANG_CXX_LIBRARY = "libc++";
				CLANG_ENABLE_MODULES = YES;
				CLANG_ENABLE_OBJC_ARC = YES;
				CLANG_WARN_BOOL_CONVERSION = YES;
				CLANG_WARN_CONSTANT_CONVERSION = YES;
				CLANG_WARN_DIRECT_OBJC_ISA_USAGE = YES_ERROR;
				CLANG_WARN_EMPTY_BODY = YES;
				CLANG_WARN_ENUM_CONVERSION = YES;
				CLANG_WARN_INT_CONVERSION = YES;
				CLANG_WARN_OBJC_ROOT_CLASS = YES_ERROR;
				CLANG_WARN_UNREACHABLE_CODE = YES;
				CLANG_WARN__DUPLICATE_METHOD_MATCH = YES;
				"CODE_SIGN_IDENTITY[sdk=iphoneos*]" = "iPhone Developer";
				COPY_PHASE_STRIP = NO;
				DEBUG_INFORMATION_FORMAT = dwarf;
				ENABLE_STRICT_OBJC_MSGSEND = YES;
				ENABLE_TESTABILITY = YES;
				GCC_C_LANGUAGE_STANDARD = gnu99;
				GCC_DYNAMIC_NO_PIC = NO;
				GCC_NO_COMMON_BLOCKS = YES;
				GCC_OPTIMIZATION_LEVEL = 0;
				GCC_PREPROCESSOR_DEFINITIONS = (
					"DEBUG=1",
					"$(inherited)",
				);
				GCC_WARN_64_TO_32_BIT_CONVERSION = YES;
				GCC_WARN_ABOUT_RETURN_TYPE = YES_ERROR;
				GCC_WARN_UNDECLARED_SELECTOR = YES;
				GCC_WARN_UNINITIALIZED_AUTOS = YES_AGGRESSIVE;
				GCC_WARN_UNUSED_FUNCTION = YES;
				GCC_WARN_UNUSED_VARIABLE = YES;
				IPHONEOS_DEPLOYMENT_TARGET = 9.1;
				MTL_ENABLE_DEBUG_INFO = YES;
				ONLY_ACTIVE_ARCH = YES;
				SDKROOT = iphoneos;
				SWIFT_OPTIMIZATION_LEVEL = "-Onone";
				TARGETED_DEVICE_FAMILY = "1,2";
			};
			name = Debug;
		};
		251C7C781C0EDEE30084F84A /* Release */ = {
			isa = XCBuildConfiguration;
			buildSettings = {
				ALWAYS_SEARCH_USER_PATHS = NO;
				CLANG_CXX_LANGUAGE_STANDARD = "gnu++0x";
				CLANG_CXX_LIBRARY = "libc++";
				CLANG_ENABLE_MODULES = YES;
				CLANG_ENABLE_OBJC_ARC = YES;
				CLANG_WARN_BOOL_CONVERSION = YES;
				CLANG_WARN_CONSTANT_CONVERSION = YES;
				CLANG_WARN_DIRECT_OBJC_ISA_USAGE = YES_ERROR;
				CLANG_WARN_EMPTY_BODY = YES;
				CLANG_WARN_ENUM_CONVERSION = YES;
				CLANG_WARN_INT_CONVERSION = YES;
				CLANG_WARN_OBJC_ROOT_CLASS = YES_ERROR;
				CLANG_WARN_UNREACHABLE_CODE = YES;
				CLANG_WARN__DUPLICATE_METHOD_MATCH = YES;
				"CODE_SIGN_IDENTITY[sdk=iphoneos*]" = "iPhone Developer";
				COPY_PHASE_STRIP = NO;
				DEBUG_INFORMATION_FORMAT = "dwarf-with-dsym";
				ENABLE_NS_ASSERTIONS = NO;
				ENABLE_STRICT_OBJC_MSGSEND = YES;
				GCC_C_LANGUAGE_STANDARD = gnu99;
				GCC_NO_COMMON_BLOCKS = YES;
				GCC_WARN_64_TO_32_BIT_CONVERSION = YES;
				GCC_WARN_ABOUT_RETURN_TYPE = YES_ERROR;
				GCC_WARN_UNDECLARED_SELECTOR = YES;
				GCC_WARN_UNINITIALIZED_AUTOS = YES_AGGRESSIVE;
				GCC_WARN_UNUSED_FUNCTION = YES;
				GCC_WARN_UNUSED_VARIABLE = YES;
				IPHONEOS_DEPLOYMENT_TARGET = 9.1;
				MTL_ENABLE_DEBUG_INFO = NO;
				SDKROOT = iphoneos;
				TARGETED_DEVICE_FAMILY = "1,2";
				VALIDATE_PRODUCT = YES;
			};
			name = Release;
		};
		251C7C7A1C0EDEE30084F84A /* Debug */ = {
			isa = XCBuildConfiguration;
			buildSettings = {
				ASSETCATALOG_COMPILER_APPICON_NAME = AppIcon;
				FRAMEWORK_SEARCH_PATHS = (
					"$(inherited)",
					"$(PROJECT_DIR)/Carthage/Build/iOS",
				);
				INFOPLIST_FILE = ChangeBackground/Info.plist;
				LD_RUNPATH_SEARCH_PATHS = "$(inherited) @executable_path/Frameworks";
				PRODUCT_BUNDLE_IDENTIFIER = me.venj.ChangeBackground;
				PRODUCT_NAME = "$(TARGET_NAME)";
			};
			name = Debug;
		};
		251C7C7B1C0EDEE30084F84A /* Release */ = {
			isa = XCBuildConfiguration;
			buildSettings = {
				ASSETCATALOG_COMPILER_APPICON_NAME = AppIcon;
				FRAMEWORK_SEARCH_PATHS = (
					"$(inherited)",
					"$(PROJECT_DIR)/Carthage/Build/iOS",
				);
				INFOPLIST_FILE = ChangeBackground/Info.plist;
				LD_RUNPATH_SEARCH_PATHS = "$(inherited) @executable_path/Frameworks";
				PRODUCT_BUNDLE_IDENTIFIER = me.venj.ChangeBackground;
				PRODUCT_NAME = "$(TARGET_NAME)";
			};
			name = Release;
		};
/* End XCBuildConfiguration section */

/* Begin XCConfigurationList section */
		251C7C621C0EDEE30084F84A /* Build configuration list for PBXProject "ChangeBackground" */ = {
			isa = XCConfigurationList;
			buildConfigurations = (
				251C7C771C0EDEE30084F84A /* Debug */,
				251C7C781C0EDEE30084F84A /* Release */,
			);
			defaultConfigurationIsVisible = 0;
			defaultConfigurationName = Release;
		};
		251C7C791C0EDEE30084F84A /* Build configuration list for PBXNativeTarget "ChangeBackground" */ = {
			isa = XCConfigurationList;
			buildConfigurations = (
				251C7C7A1C0EDEE30084F84A /* Debug */,
				251C7C7B1C0EDEE30084F84A /* Release */,
			);
			defaultConfigurationIsVisible = 0;
			defaultConfigurationName = Release;
		};
/* End XCConfigurationList section */
	};
	rootObject = 251C7C5F1C0EDEE30084F84A /* Project object */;
}
